{
  "name": "APT-Casino-gzkm",
  "lockfileVersion": 3,
  "requires": true,
  "packages": {
    "": {
      "dependencies": {
        "@initia/evm-precompiles": "^0.0.1"
      }
    },
    "node_modules/@initia/evm-precompiles": {
      "version": "0.0.1",
      "resolved": "https://registry.npmjs.org/@initia/evm-precompiles/-/evm-precompiles-0.0.1.tgz",
      "integrity": "sha512-vwhy6h+uwJmmOIJTlrXyAYtyHHYLYVBLwQpkbyMcr7PvhZgzVNsPf773QDZDRbs87ECsp6QLrbVa7DtfzGOVfQ==",
      "license": "MIT"
    }
  }
}
